
Microsoft Visual Studio Solution File, Format Version 12.00
Project("{FAE04EC0-301F-11D3-BF4B-00C04F79EFBC}") = "OpenKnowledge", "OpenKnowledge\OpenKnowledge.csproj", "{5EC1B792-60F6-43F5-BD95-3DFB2A92B48E}"
EndProject
Project("{FAE04EC0-301F-11D3-BF4B-00C04F79EFBC}") = "DesktopKnowledge", "DesktopKnowledge\DesktopKnowledge.csproj", "{669254E4-249A-4436-9C37-E73CDB89CB1E}"
EndProject
Global
	GlobalSection(SolutionConfigurationPlatforms) = preSolution
		Debug|Any CPU = Debug|Any CPU
		Release|Any CPU = Release|Any CPU
	EndGlobalSection
	GlobalSection(ProjectConfigurationPlatforms) = postSolution
		{5EC1B792-60F6-43F5-BD95-3DFB2A92B48E}.Debug|Any CPU.ActiveCfg = Debug|Any CPU
		{5EC1B792-60F6-43F5-BD95-3DFB2A92B48E}.Debug|Any CPU.Build.0 = Debug|Any CPU
		{5EC1B792-60F6-43F5-BD95-3DFB2A92B48E}.Release|Any CPU.ActiveCfg = Release|Any CPU
		{5EC1B792-60F6-43F5-BD95-3DFB2A92B48E}.Release|Any CPU.Build.0 = Release|Any CPU
		{669254E4-249A-4436-9C37-E73CDB89CB1E}.Debug|Any CPU.ActiveCfg = Debug|Any CPU
		{669254E4-249A-4436-9C37-E73CDB89CB1E}.Debug|Any CPU.Build.0 = Debug|Any CPU
		{669254E4-249A-4436-9C37-E73CDB89CB1E}.Release|Any CPU.ActiveCfg = Release|Any CPU
		{669254E4-249A-4436-9C37-E73CDB89CB1E}.Release|Any CPU.Build.0 = Release|Any CPU
	EndGlobalSection
EndGlobal
